<?xml version="1.0" encoding="utf-8"?>
<Project ToolsVersion="4.0" xmlns="http://schemas.microsoft.com/developer/msbuild/2003">
  <ItemGroup>
    <Filter Include="Core">
      <UniqueIdentifier>{2EB4837C-1AEB-840D-C3D7-6A10AFED000F}</UniqueIdentifier>
    </Filter>
    <Filter Include="Events">
      <UniqueIdentifier>{3A8963B1-262B-8E87-0FE6-A1DBFB2615D8}</UniqueIdentifier>
    </Filter>
    <Filter Include="IO">
      <UniqueIdentifier>{FD735900-E9FF-870B-52AE-880B3E59880B}</UniqueIdentifier>
    </Filter>
    <Filter Include="Libraries">
      <UniqueIdentifier>{0259E1F6-6EC3-956D-B701-471323AB73C2}</UniqueIdentifier>
    </Filter>
    <Filter Include="Libraries\glm">
      <UniqueIdentifier>{519425CA-BD54-A100-868F-EA7DF20EE6DC}</UniqueIdentifier>
    </Filter>
    <Filter Include="Libraries\glm\detail">
      <UniqueIdentifier>{F3660531-DFF5-8EFA-8814-A3F574829FA0}</UniqueIdentifier>
    </Filter>
    <Filter Include="Libraries\glm\ext">
      <UniqueIdentifier>{31D8A4D0-9DEE-A266-E665-2E8852BB73EE}</UniqueIdentifier>
    </Filter>
    <Filter Include="Libraries\glm\gtc">
      <UniqueIdentifier>{1EE0A4D0-8AF6-A266-D36D-2E883FC373EE}</UniqueIdentifier>
    </Filter>
    <Filter Include="Libraries\glm\gtx">
      <UniqueIdentifier>{33E0A4D0-9FF6-A266-E86D-2E8854C373EE}</UniqueIdentifier>
    </Filter>
    <Filter Include="Libraries\stb">
      <UniqueIdentifier>{5AC825CA-C688-A100-8FC3-EA7DFB42E6DC}</UniqueIdentifier>
    </Filter>
    <Filter Include="Libraries\tinygltf">
      <UniqueIdentifier>{821B3A05-6EFF-FA5A-D75F-F5ADC362E5DC}</UniqueIdentifier>
    </Filter>
    <Filter Include="Libraries\tinyobjloader">
      <UniqueIdentifier>{C7EF9A01-3327-E398-3C31-47BCA8E70992}</UniqueIdentifier>
    </Filter>
    <Filter Include="Rendering">
      <UniqueIdentifier>{E3AE1F7C-4F19-D4F2-9857-85980401B247}</UniqueIdentifier>
    </Filter>
    <Filter Include="Rendering\Memory">
      <UniqueIdentifier>{EB683FDD-D761-5E2F-0094-43B4ECEB3D3B}</UniqueIdentifier>
    </Filter>
    <Filter Include="Scene Management">
      <UniqueIdentifier>{5005814F-3CFE-9FA1-6530-852651887FAD}</UniqueIdentifier>
    </Filter>
    <Filter Include="Scene Management\Scenes">
      <UniqueIdentifier>{80FCE1BC-EC33-2A54-F53D-8E7761F4504D}</UniqueIdentifier>
    </Filter>
    <Filter Include="Utilities">
      <UniqueIdentifier>{010A8043-6D74-34BA-B6B2-E55F225C120F}</UniqueIdentifier>
    </Filter>
    <Filter Include="Utilities\Layers">
      <UniqueIdentifier>{A0356BAC-8C2E-8AFE-B560-6F83A1B8690A}</UniqueIdentifier>
    </Filter>
  </ItemGroup>
  <ItemGroup>
    <ClInclude Include="..\Libraries\glm\common.hpp">
      <Filter>Libraries\glm</Filter>
    </ClInclude>
    <ClInclude Include="..\Libraries\glm\detail\_features.hpp">
      <Filter>Libraries\glm\detail</Filter>
    </ClInclude>
    <ClInclude Include="..\Libraries\glm\detail\_fixes.hpp">
      <Filter>Libraries\glm\detail</Filter>
    </ClInclude>
    <ClInclude Include="..\Libraries\glm\detail\_noise.hpp">
      <Filter>Libraries\glm\detail</Filter>
    </ClInclude>
    <ClInclude Include="..\Libraries\glm\detail\_swizzle.hpp">
      <Filter>Libraries\glm\detail</Filter>
    </ClInclude>
    <ClInclude Include="..\Libraries\glm\detail\_swizzle_func.hpp">
      <Filter>Libraries\glm\detail</Filter>
    </ClInclude>
    <ClInclude Include="..\Libraries\glm\detail\_vectorize.hpp">
      <Filter>Libraries\glm\detail</Filter>
    </ClInclude>
    <ClInclude Include="..\Libraries\glm\detail\compute_common.hpp">
      <Filter>Libraries\glm\detail</Filter>
    </ClInclude>
    <ClInclude Include="..\Libraries\glm\detail\compute_vector_relational.hpp">
      <Filter>Libraries\glm\detail</Filter>
    </ClInclude>
    <ClInclude Include="..\Libraries\glm\detail\func_common.inl">
      <Filter>Libraries\glm\detail</Filter>
    </ClInclude>
    <ClInclude Include="..\Libraries\glm\detail\func_common_simd.inl">
      <Filter>Libraries\glm\detail</Filter>
    </ClInclude>
    <ClInclude Include="..\Libraries\glm\detail\func_exponential.inl">
      <Filter>Libraries\glm\detail</Filter>
    </ClInclude>
    <ClInclude Include="..\Libraries\glm\detail\func_exponential_simd.inl">
      <Filter>Libraries\glm\detail</Filter>
    </ClInclude>
    <ClInclude Include="..\Libraries\glm\detail\func_geometric.inl">
      <Filter>Libraries\glm\detail</Filter>
    </ClInclude>
    <ClInclude Include="..\Libraries\glm\detail\func_geometric_simd.inl">
      <Filter>Libraries\glm\detail</Filter>
    </ClInclude>
    <ClInclude Include="..\Libraries\glm\detail\func_integer.inl">
      <Filter>Libraries\glm\detail</Filter>
    </ClInclude>
    <ClInclude Include="..\Libraries\glm\detail\func_integer_simd.inl">
      <Filter>Libraries\glm\detail</Filter>
    </ClInclude>
    <ClInclude Include="..\Libraries\glm\detail\func_matrix.inl">
      <Filter>Libraries\glm\detail</Filter>
    </ClInclude>
    <ClInclude Include="..\Libraries\glm\detail\func_matrix_simd.inl">
      <Filter>Libraries\glm\detail</Filter>
    </ClInclude>
    <ClInclude Include="..\Libraries\glm\detail\func_packing.inl">
      <Filter>Libraries\glm\detail</Filter>
    </ClInclude>
    <ClInclude Include="..\Libraries\glm\detail\func_packing_simd.inl">
      <Filter>Libraries\glm\detail</Filter>
    </ClInclude>
    <ClInclude Include="..\Libraries\glm\detail\func_trigonometric.inl">
      <Filter>Libraries\glm\detail</Filter>
    </ClInclude>
    <ClInclude Include="..\Libraries\glm\detail\func_trigonometric_simd.inl">
      <Filter>Libraries\glm\detail</Filter>
    </ClInclude>
    <ClInclude Include="..\Libraries\glm\detail\func_vector_relational.inl">
      <Filter>Libraries\glm\detail</Filter>
    </ClInclude>
    <ClInclude Include="..\Libraries\glm\detail\func_vector_relational_simd.inl">
      <Filter>Libraries\glm\detail</Filter>
    </ClInclude>
    <ClInclude Include="..\Libraries\glm\detail\qualifier.hpp">
      <Filter>Libraries\glm\detail</Filter>
    </ClInclude>
    <ClInclude Include="..\Libraries\glm\detail\setup.hpp">
      <Filter>Libraries\glm\detail</Filter>
    </ClInclude>
    <ClInclude Include="..\Libraries\glm\detail\type_float.hpp">
      <Filter>Libraries\glm\detail</Filter>
    </ClInclude>
    <ClInclude Include="..\Libraries\glm\detail\type_half.hpp">
      <Filter>Libraries\glm\detail</Filter>
    </ClInclude>
    <ClInclude Include="..\Libraries\glm\detail\type_half.inl">
      <Filter>Libraries\glm\detail</Filter>
    </ClInclude>
    <ClInclude Include="..\Libraries\glm\detail\type_mat2x2.hpp">
      <Filter>Libraries\glm\detail</Filter>
    </ClInclude>
    <ClInclude Include="..\Libraries\glm\detail\type_mat2x2.inl">
      <Filter>Libraries\glm\detail</Filter>
    </ClInclude>
    <ClInclude Include="..\Libraries\glm\detail\type_mat2x3.hpp">
      <Filter>Libraries\glm\detail</Filter>
    </ClInclude>
    <ClInclude Include="..\Libraries\glm\detail\type_mat2x3.inl">
      <Filter>Libraries\glm\detail</Filter>
    </ClInclude>
    <ClInclude Include="..\Libraries\glm\detail\type_mat2x4.hpp">
      <Filter>Libraries\glm\detail</Filter>
    </ClInclude>
    <ClInclude Include="..\Libraries\glm\detail\type_mat2x4.inl">
      <Filter>Libraries\glm\detail</Filter>
    </ClInclude>
    <ClInclude Include="..\Libraries\glm\detail\type_mat3x2.hpp">
      <Filter>Libraries\glm\detail</Filter>
    </ClInclude>
    <ClInclude Include="..\Libraries\glm\detail\type_mat3x2.inl">
      <Filter>Libraries\glm\detail</Filter>
    </ClInclude>
    <ClInclude Include="..\Libraries\glm\detail\type_mat3x3.hpp">
      <Filter>Libraries\glm\detail</Filter>
    </ClInclude>
    <ClInclude Include="..\Libraries\glm\detail\type_mat3x3.inl">
      <Filter>Libraries\glm\detail</Filter>
    </ClInclude>
    <ClInclude Include="..\Libraries\glm\detail\type_mat3x4.hpp">
      <Filter>Libraries\glm\detail</Filter>
    </ClInclude>
    <ClInclude Include="..\Libraries\glm\detail\type_mat3x4.inl">
      <Filter>Libraries\glm\detail</Filter>
    </ClInclude>
    <ClInclude Include="..\Libraries\glm\detail\type_mat4x2.hpp">
      <Filter>Libraries\glm\detail</Filter>
    </ClInclude>
    <ClInclude Include="..\Libraries\glm\detail\type_mat4x2.inl">
      <Filter>Libraries\glm\detail</Filter>
    </ClInclude>
    <ClInclude Include="..\Libraries\glm\detail\type_mat4x3.hpp">
      <Filter>Libraries\glm\detail</Filter>
    </ClInclude>
    <ClInclude Include="..\Libraries\glm\detail\type_mat4x3.inl">
      <Filter>Libraries\glm\detail</Filter>
    </ClInclude>
    <ClInclude Include="..\Libraries\glm\detail\type_mat4x4.hpp">
      <Filter>Libraries\glm\detail</Filter>
    </ClInclude>
    <ClInclude Include="..\Libraries\glm\detail\type_mat4x4.inl">
      <Filter>Libraries\glm\detail</Filter>
    </ClInclude>
    <ClInclude Include="..\Libraries\glm\detail\type_mat4x4_simd.inl">
      <Filter>Libraries\glm\detail</Filter>
    </ClInclude>
    <ClInclude Include="..\Libraries\glm\detail\type_quat.hpp">
      <Filter>Libraries\glm\detail</Filter>
    </ClInclude>
    <ClInclude Include="..\Libraries\glm\detail\type_quat.inl">
      <Filter>Libraries\glm\detail</Filter>
    </ClInclude>
    <ClInclude Include="..\Libraries\glm\detail\type_quat_simd.inl">
      <Filter>Libraries\glm\detail</Filter>
    </ClInclude>
    <ClInclude Include="..\Libraries\glm\detail\type_vec1.hpp">
      <Filter>Libraries\glm\detail</Filter>
    </ClInclude>
    <ClInclude Include="..\Libraries\glm\detail\type_vec1.inl">
      <Filter>Libraries\glm\detail</Filter>
    </ClInclude>
    <ClInclude Include="..\Libraries\glm\detail\type_vec2.hpp">
      <Filter>Libraries\glm\detail</Filter>
    </ClInclude>
    <ClInclude Include="..\Libraries\glm\detail\type_vec2.inl">
      <Filter>Libraries\glm\detail</Filter>
    </ClInclude>
    <ClInclude Include="..\Libraries\glm\detail\type_vec3.hpp">
      <Filter>Libraries\glm\detail</Filter>
    </ClInclude>
    <ClInclude Include="..\Libraries\glm\detail\type_vec3.inl">
      <Filter>Libraries\glm\detail</Filter>
    </ClInclude>
    <ClInclude Include="..\Libraries\glm\detail\type_vec4.hpp">
      <Filter>Libraries\glm\detail</Filter>
    </ClInclude>
    <ClInclude Include="..\Libraries\glm\detail\type_vec4.inl">
      <Filter>Libraries\glm\detail</Filter>
    </ClInclude>
    <ClInclude Include="..\Libraries\glm\detail\type_vec4_simd.inl">
      <Filter>Libraries\glm\detail</Filter>
    </ClInclude>
    <ClInclude Include="..\Libraries\glm\exponential.hpp">
      <Filter>Libraries\glm</Filter>
    </ClInclude>
    <ClInclude Include="..\Libraries\glm\ext.hpp">
      <Filter>Libraries\glm</Filter>
    </ClInclude>
    <ClInclude Include="..\Libraries\glm\ext\matrix_clip_space.hpp">
      <Filter>Libraries\glm\ext</Filter>
    </ClInclude>
    <ClInclude Include="..\Libraries\glm\ext\matrix_clip_space.inl">
      <Filter>Libraries\glm\ext</Filter>
    </ClInclude>
    <ClInclude Include="..\Libraries\glm\ext\matrix_common.hpp">
      <Filter>Libraries\glm\ext</Filter>
    </ClInclude>
    <ClInclude Include="..\Libraries\glm\ext\matrix_common.inl">
      <Filter>Libraries\glm\ext</Filter>
    </ClInclude>
    <ClInclude Include="..\Libraries\glm\ext\matrix_double2x2.hpp">
      <Filter>Libraries\glm\ext</Filter>
    </ClInclude>
    <ClInclude Include="..\Libraries\glm\ext\matrix_double2x2_precision.hpp">
      <Filter>Libraries\glm\ext</Filter>
    </ClInclude>
    <ClInclude Include="..\Libraries\glm\ext\matrix_double2x3.hpp">
      <Filter>Libraries\glm\ext</Filter>
    </ClInclude>
    <ClInclude Include="..\Libraries\glm\ext\matrix_double2x3_precision.hpp">
      <Filter>Libraries\glm\ext</Filter>
    </ClInclude>
    <ClInclude Include="..\Libraries\glm\ext\matrix_double2x4.hpp">
      <Filter>Libraries\glm\ext</Filter>
    </ClInclude>
    <ClInclude Include="..\Libraries\glm\ext\matrix_double2x4_precision.hpp">
      <Filter>Libraries\glm\ext</Filter>
    </ClInclude>
    <ClInclude Include="..\Libraries\glm\ext\matrix_double3x2.hpp">
      <Filter>Libraries\glm\ext</Filter>
    </ClInclude>
    <ClInclude Include="..\Libraries\glm\ext\matrix_double3x2_precision.hpp">
      <Filter>Libraries\glm\ext</Filter>
    </ClInclude>
    <ClInclude Include="..\Libraries\glm\ext\matrix_double3x3.hpp">
      <Filter>Libraries\glm\ext</Filter>
    </ClInclude>
    <ClInclude Include="..\Libraries\glm\ext\matrix_double3x3_precision.hpp">
      <Filter>Libraries\glm\ext</Filter>
    </ClInclude>
    <ClInclude Include="..\Libraries\glm\ext\matrix_double3x4.hpp">
      <Filter>Libraries\glm\ext</Filter>
    </ClInclude>
    <ClInclude Include="..\Libraries\glm\ext\matrix_double3x4_precision.hpp">
      <Filter>Libraries\glm\ext</Filter>
    </ClInclude>
    <ClInclude Include="..\Libraries\glm\ext\matrix_double4x2.hpp">
      <Filter>Libraries\glm\ext</Filter>
    </ClInclude>
    <ClInclude Include="..\Libraries\glm\ext\matrix_double4x2_precision.hpp">
      <Filter>Libraries\glm\ext</Filter>
    </ClInclude>
    <ClInclude Include="..\Libraries\glm\ext\matrix_double4x3.hpp">
      <Filter>Libraries\glm\ext</Filter>
    </ClInclude>
    <ClInclude Include="..\Libraries\glm\ext\matrix_double4x3_precision.hpp">
      <Filter>Libraries\glm\ext</Filter>
    </ClInclude>
    <ClInclude Include="..\Libraries\glm\ext\matrix_double4x4.hpp">
      <Filter>Libraries\glm\ext</Filter>
    </ClInclude>
    <ClInclude Include="..\Libraries\glm\ext\matrix_double4x4_precision.hpp">
      <Filter>Libraries\glm\ext</Filter>
    </ClInclude>
    <ClInclude Include="..\Libraries\glm\ext\matrix_float2x2.hpp">
      <Filter>Libraries\glm\ext</Filter>
    </ClInclude>
    <ClInclude Include="..\Libraries\glm\ext\matrix_float2x2_precision.hpp">
      <Filter>Libraries\glm\ext</Filter>
    </ClInclude>
    <ClInclude Include="..\Libraries\glm\ext\matrix_float2x3.hpp">
      <Filter>Libraries\glm\ext</Filter>
    </ClInclude>
    <ClInclude Include="..\Libraries\glm\ext\matrix_float2x3_precision.hpp">
      <Filter>Libraries\glm\ext</Filter>
    </ClInclude>
    <ClInclude Include="..\Libraries\glm\ext\matrix_float2x4.hpp">
      <Filter>Libraries\glm\ext</Filter>
    </ClInclude>
    <ClInclude Include="..\Libraries\glm\ext\matrix_float2x4_precision.hpp">
      <Filter>Libraries\glm\ext</Filter>
    </ClInclude>
    <ClInclude Include="..\Libraries\glm\ext\matrix_float3x2.hpp">
      <Filter>Libraries\glm\ext</Filter>
    </ClInclude>
    <ClInclude Include="..\Libraries\glm\ext\matrix_float3x2_precision.hpp">
      <Filter>Libraries\glm\ext</Filter>
    </ClInclude>
    <ClInclude Include="..\Libraries\glm\ext\matrix_float3x3.hpp">
      <Filter>Libraries\glm\ext</Filter>
    </ClInclude>
    <ClInclude Include="..\Libraries\glm\ext\matrix_float3x3_precision.hpp">
      <Filter>Libraries\glm\ext</Filter>
    </ClInclude>
    <ClInclude Include="..\Libraries\glm\ext\matrix_float3x4.hpp">
      <Filter>Libraries\glm\ext</Filter>
    </ClInclude>
    <ClInclude Include="..\Libraries\glm\ext\matrix_float3x4_precision.hpp">
      <Filter>Libraries\glm\ext</Filter>
    </ClInclude>
    <ClInclude Include="..\Libraries\glm\ext\matrix_float4x2.hpp">
      <Filter>Libraries\glm\ext</Filter>
    </ClInclude>
    <ClInclude Include="..\Libraries\glm\ext\matrix_float4x2_precision.hpp">
      <Filter>Libraries\glm\ext</Filter>
    </ClInclude>
    <ClInclude Include="..\Libraries\glm\ext\matrix_float4x3.hpp">
      <Filter>Libraries\glm\ext</Filter>
    </ClInclude>
    <ClInclude Include="..\Libraries\glm\ext\matrix_float4x3_precision.hpp">
      <Filter>Libraries\glm\ext</Filter>
    </ClInclude>
    <ClInclude Include="..\Libraries\glm\ext\matrix_float4x4.hpp">
      <Filter>Libraries\glm\ext</Filter>
    </ClInclude>
    <ClInclude Include="..\Libraries\glm\ext\matrix_float4x4_precision.hpp">
      <Filter>Libraries\glm\ext</Filter>
    </ClInclude>
    <ClInclude Include="..\Libraries\glm\ext\matrix_int2x2.hpp">
      <Filter>Libraries\glm\ext</Filter>
    </ClInclude>
    <ClInclude Include="..\Libraries\glm\ext\matrix_int2x2_sized.hpp">
      <Filter>Libraries\glm\ext</Filter>
    </ClInclude>
    <ClInclude Include="..\Libraries\glm\ext\matrix_int2x3.hpp">
      <Filter>Libraries\glm\ext</Filter>
    </ClInclude>
    <ClInclude Include="..\Libraries\glm\ext\matrix_int2x3_sized.hpp">
      <Filter>Libraries\glm\ext</Filter>
    </ClInclude>
    <ClInclude Include="..\Libraries\glm\ext\matrix_int2x4.hpp">
      <Filter>Libraries\glm\ext</Filter>
    </ClInclude>
    <ClInclude Include="..\Libraries\glm\ext\matrix_int2x4_sized.hpp">
      <Filter>Libraries\glm\ext</Filter>
    </ClInclude>
    <ClInclude Include="..\Libraries\glm\ext\matrix_int3x2.hpp">
      <Filter>Libraries\glm\ext</Filter>
    </ClInclude>
    <ClInclude Include="..\Libraries\glm\ext\matrix_int3x2_sized.hpp">
      <Filter>Libraries\glm\ext</Filter>
    </ClInclude>
    <ClInclude Include="..\Libraries\glm\ext\matrix_int3x3.hpp">
      <Filter>Libraries\glm\ext</Filter>
    </ClInclude>
    <ClInclude Include="..\Libraries\glm\ext\matrix_int3x3_sized.hpp">
      <Filter>Libraries\glm\ext</Filter>
    </ClInclude>
    <ClInclude Include="..\Libraries\glm\ext\matrix_int3x4.hpp">
      <Filter>Libraries\glm\ext</Filter>
    </ClInclude>
    <ClInclude Include="..\Libraries\glm\ext\matrix_int3x4_sized.hpp">
      <Filter>Libraries\glm\ext</Filter>
    </ClInclude>
    <ClInclude Include="..\Libraries\glm\ext\matrix_int4x2.hpp">
      <Filter>Libraries\glm\ext</Filter>
    </ClInclude>
    <ClInclude Include="..\Libraries\glm\ext\matrix_int4x2_sized.hpp">
      <Filter>Libraries\glm\ext</Filter>
    </ClInclude>
    <ClInclude Include="..\Libraries\glm\ext\matrix_int4x3.hpp">
      <Filter>Libraries\glm\ext</Filter>
    </ClInclude>
    <ClInclude Include="..\Libraries\glm\ext\matrix_int4x3_sized.hpp">
      <Filter>Libraries\glm\ext</Filter>
    </ClInclude>
    <ClInclude Include="..\Libraries\glm\ext\matrix_int4x4.hpp">
      <Filter>Libraries\glm\ext</Filter>
    </ClInclude>
    <ClInclude Include="..\Libraries\glm\ext\matrix_int4x4_sized.hpp">
      <Filter>Libraries\glm\ext</Filter>
    </ClInclude>
    <ClInclude Include="..\Libraries\glm\ext\matrix_projection.hpp">
      <Filter>Libraries\glm\ext</Filter>
    </ClInclude>
    <ClInclude Include="..\Libraries\glm\ext\matrix_projection.inl">
      <Filter>Libraries\glm\ext</Filter>
    </ClInclude>
    <ClInclude Include="..\Libraries\glm\ext\matrix_relational.hpp">
      <Filter>Libraries\glm\ext</Filter>
    </ClInclude>
    <ClInclude Include="..\Libraries\glm\ext\matrix_relational.inl">
      <Filter>Libraries\glm\ext</Filter>
    </ClInclude>
    <ClInclude Include="..\Libraries\glm\ext\matrix_transform.hpp">
      <Filter>Libraries\glm\ext</Filter>
    </ClInclude>
    <ClInclude Include="..\Libraries\glm\ext\matrix_transform.inl">
      <Filter>Libraries\glm\ext</Filter>
    </ClInclude>
    <ClInclude Include="..\Libraries\glm\ext\matrix_uint2x2.hpp">
      <Filter>Libraries\glm\ext</Filter>
    </ClInclude>
    <ClInclude Include="..\Libraries\glm\ext\matrix_uint2x2_sized.hpp">
      <Filter>Libraries\glm\ext</Filter>
    </ClInclude>
    <ClInclude Include="..\Libraries\glm\ext\matrix_uint2x3.hpp">
      <Filter>Libraries\glm\ext</Filter>
    </ClInclude>
    <ClInclude Include="..\Libraries\glm\ext\matrix_uint2x3_sized.hpp">
      <Filter>Libraries\glm\ext</Filter>
    </ClInclude>
    <ClInclude Include="..\Libraries\glm\ext\matrix_uint2x4.hpp">
      <Filter>Libraries\glm\ext</Filter>
    </ClInclude>
    <ClInclude Include="..\Libraries\glm\ext\matrix_uint2x4_sized.hpp">
      <Filter>Libraries\glm\ext</Filter>
    </ClInclude>
    <ClInclude Include="..\Libraries\glm\ext\matrix_uint3x2.hpp">
      <Filter>Libraries\glm\ext</Filter>
    </ClInclude>
    <ClInclude Include="..\Libraries\glm\ext\matrix_uint3x2_sized.hpp">
      <Filter>Libraries\glm\ext</Filter>
    </ClInclude>
    <ClInclude Include="..\Libraries\glm\ext\matrix_uint3x3.hpp">
      <Filter>Libraries\glm\ext</Filter>
    </ClInclude>
    <ClInclude Include="..\Libraries\glm\ext\matrix_uint3x3_sized.hpp">
      <Filter>Libraries\glm\ext</Filter>
    </ClInclude>
    <ClInclude Include="..\Libraries\glm\ext\matrix_uint3x4.hpp">
      <Filter>Libraries\glm\ext</Filter>
    </ClInclude>
    <ClInclude Include="..\Libraries\glm\ext\matrix_uint3x4_sized.hpp">
      <Filter>Libraries\glm\ext</Filter>
    </ClInclude>
    <ClInclude Include="..\Libraries\glm\ext\matrix_uint4x2.hpp">
      <Filter>Libraries\glm\ext</Filter>
    </ClInclude>
    <ClInclude Include="..\Libraries\glm\ext\matrix_uint4x2_sized.hpp">
      <Filter>Libraries\glm\ext</Filter>
    </ClInclude>
    <ClInclude Include="..\Libraries\glm\ext\matrix_uint4x3.hpp">
      <Filter>Libraries\glm\ext</Filter>
    </ClInclude>
    <ClInclude Include="..\Libraries\glm\ext\matrix_uint4x3_sized.hpp">
      <Filter>Libraries\glm\ext</Filter>
    </ClInclude>
    <ClInclude Include="..\Libraries\glm\ext\matrix_uint4x4.hpp">
      <Filter>Libraries\glm\ext</Filter>
    </ClInclude>
    <ClInclude Include="..\Libraries\glm\ext\matrix_uint4x4_sized.hpp">
      <Filter>Libraries\glm\ext</Filter>
    </ClInclude>
    <ClInclude Include="..\Libraries\glm\ext\quaternion_common.hpp">
      <Filter>Libraries\glm\ext</Filter>
    </ClInclude>
    <ClInclude Include="..\Libraries\glm\ext\quaternion_common.inl">
      <Filter>Libraries\glm\ext</Filter>
    </ClInclude>
    <ClInclude Include="..\Libraries\glm\ext\quaternion_common_simd.inl">
      <Filter>Libraries\glm\ext</Filter>
    </ClInclude>
    <ClInclude Include="..\Libraries\glm\ext\quaternion_double.hpp">
      <Filter>Libraries\glm\ext</Filter>
    </ClInclude>
    <ClInclude Include="..\Libraries\glm\ext\quaternion_double_precision.hpp">
      <Filter>Libraries\glm\ext</Filter>
    </ClInclude>
    <ClInclude Include="..\Libraries\glm\ext\quaternion_exponential.hpp">
      <Filter>Libraries\glm\ext</Filter>
    </ClInclude>
    <ClInclude Include="..\Libraries\glm\ext\quaternion_exponential.inl">
      <Filter>Libraries\glm\ext</Filter>
    </ClInclude>
    <ClInclude Include="..\Libraries\glm\ext\quaternion_float.hpp">
      <Filter>Libraries\glm\ext</Filter>
    </ClInclude>
    <ClInclude Include="..\Libraries\glm\ext\quaternion_float_precision.hpp">
      <Filter>Libraries\glm\ext</Filter>
    </ClInclude>
    <ClInclude Include="..\Libraries\glm\ext\quaternion_geometric.hpp">
      <Filter>Libraries\glm\ext</Filter>
    </ClInclude>
    <ClInclude Include="..\Libraries\glm\ext\quaternion_geometric.inl">
      <Filter>Libraries\glm\ext</Filter>
    </ClInclude>
    <ClInclude Include="..\Libraries\glm\ext\quaternion_relational.hpp">
      <Filter>Libraries\glm\ext</Filter>
    </ClInclude>
    <ClInclude Include="..\Libraries\glm\ext\quaternion_relational.inl">
      <Filter>Libraries\glm\ext</Filter>
    </ClInclude>
    <ClInclude Include="..\Libraries\glm\ext\quaternion_transform.hpp">
      <Filter>Libraries\glm\ext</Filter>
    </ClInclude>
    <ClInclude Include="..\Libraries\glm\ext\quaternion_transform.inl">
      <Filter>Libraries\glm\ext</Filter>
    </ClInclude>
    <ClInclude Include="..\Libraries\glm\ext\quaternion_trigonometric.hpp">
      <Filter>Libraries\glm\ext</Filter>
    </ClInclude>
    <ClInclude Include="..\Libraries\glm\ext\quaternion_trigonometric.inl">
      <Filter>Libraries\glm\ext</Filter>
    </ClInclude>
    <ClInclude Include="..\Libraries\glm\ext\scalar_common.hpp">
      <Filter>Libraries\glm\ext</Filter>
    </ClInclude>
    <ClInclude Include="..\Libraries\glm\ext\scalar_common.inl">
      <Filter>Libraries\glm\ext</Filter>
    </ClInclude>
    <ClInclude Include="..\Libraries\glm\ext\scalar_constants.hpp">
      <Filter>Libraries\glm\ext</Filter>
    </ClInclude>
    <ClInclude Include="..\Libraries\glm\ext\scalar_constants.inl">
      <Filter>Libraries\glm\ext</Filter>
    </ClInclude>
    <ClInclude Include="..\Libraries\glm\ext\scalar_int_sized.hpp">
      <Filter>Libraries\glm\ext</Filter>
    </ClInclude>
    <ClInclude Include="..\Libraries\glm\ext\scalar_integer.hpp">
      <Filter>Libraries\glm\ext</Filter>
    </ClInclude>
    <ClInclude Include="..\Libraries\glm\ext\scalar_integer.inl">
      <Filter>Libraries\glm\ext</Filter>
    </ClInclude>
    <ClInclude Include="..\Libraries\glm\ext\scalar_packing.hpp">
      <Filter>Libraries\glm\ext</Filter>
    </ClInclude>
    <ClInclude Include="..\Libraries\glm\ext\scalar_packing.inl">
      <Filter>Libraries\glm\ext</Filter>
    </ClInclude>
    <ClInclude Include="..\Libraries\glm\ext\scalar_relational.hpp">
      <Filter>Libraries\glm\ext</Filter>
    </ClInclude>
    <ClInclude Include="..\Libraries\glm\ext\scalar_relational.inl">
      <Filter>Libraries\glm\ext</Filter>
    </ClInclude>
    <ClInclude Include="..\Libraries\glm\ext\scalar_uint_sized.hpp">
      <Filter>Libraries\glm\ext</Filter>
    </ClInclude>
    <ClInclude Include="..\Libraries\glm\ext\scalar_ulp.hpp">
      <Filter>Libraries\glm\ext</Filter>
    </ClInclude>
    <ClInclude Include="..\Libraries\glm\ext\scalar_ulp.inl">
      <Filter>Libraries\glm\ext</Filter>
    </ClInclude>
    <ClInclude Include="..\Libraries\glm\ext\vector_bool1.hpp">
      <Filter>Libraries\glm\ext</Filter>
    </ClInclude>
    <ClInclude Include="..\Libraries\glm\ext\vector_bool1_precision.hpp">
      <Filter>Libraries\glm\ext</Filter>
    </ClInclude>
    <ClInclude Include="..\Libraries\glm\ext\vector_bool2.hpp">
      <Filter>Libraries\glm\ext</Filter>
    </ClInclude>
    <ClInclude Include="..\Libraries\glm\ext\vector_bool2_precision.hpp">
      <Filter>Libraries\glm\ext</Filter>
    </ClInclude>
    <ClInclude Include="..\Libraries\glm\ext\vector_bool3.hpp">
      <Filter>Libraries\glm\ext</Filter>
    </ClInclude>
    <ClInclude Include="..\Libraries\glm\ext\vector_bool3_precision.hpp">
      <Filter>Libraries\glm\ext</Filter>
    </ClInclude>
    <ClInclude Include="..\Libraries\glm\ext\vector_bool4.hpp">
      <Filter>Libraries\glm\ext</Filter>
    </ClInclude>
    <ClInclude Include="..\Libraries\glm\ext\vector_bool4_precision.hpp">
      <Filter>Libraries\glm\ext</Filter>
    </ClInclude>
    <ClInclude Include="..\Libraries\glm\ext\vector_common.hpp">
      <Filter>Libraries\glm\ext</Filter>
    </ClInclude>
    <ClInclude Include="..\Libraries\glm\ext\vector_common.inl">
      <Filter>Libraries\glm\ext</Filter>
    </ClInclude>
    <ClInclude Include="..\Libraries\glm\ext\vector_double1.hpp">
      <Filter>Libraries\glm\ext</Filter>
    </ClInclude>
    <ClInclude Include="..\Libraries\glm\ext\vector_double1_precision.hpp">
      <Filter>Libraries\glm\ext</Filter>
    </ClInclude>
    <ClInclude Include="..\Libraries\glm\ext\vector_double2.hpp">
      <Filter>Libraries\glm\ext</Filter>
    </ClInclude>
    <ClInclude Include="..\Libraries\glm\ext\vector_double2_precision.hpp">
      <Filter>Libraries\glm\ext</Filter>
    </ClInclude>
    <ClInclude Include="..\Libraries\glm\ext\vector_double3.hpp">
      <Filter>Libraries\glm\ext</Filter>
    </ClInclude>
    <ClInclude Include="..\Libraries\glm\ext\vector_double3_precision.hpp">
      <Filter>Libraries\glm\ext</Filter>
    </ClInclude>
    <ClInclude Include="..\Libraries\glm\ext\vector_double4.hpp">
      <Filter>Libraries\glm\ext</Filter>
    </ClInclude>
    <ClInclude Include="..\Libraries\glm\ext\vector_double4_precision.hpp">
      <Filter>Libraries\glm\ext</Filter>
    </ClInclude>
    <ClInclude Include="..\Libraries\glm\ext\vector_float1.hpp">
      <Filter>Libraries\glm\ext</Filter>
    </ClInclude>
    <ClInclude Include="..\Libraries\glm\ext\vector_float1_precision.hpp">
      <Filter>Libraries\glm\ext</Filter>
    </ClInclude>
    <ClInclude Include="..\Libraries\glm\ext\vector_float2.hpp">
      <Filter>Libraries\glm\ext</Filter>
    </ClInclude>
    <ClInclude Include="..\Libraries\glm\ext\vector_float2_precision.hpp">
      <Filter>Libraries\glm\ext</Filter>
    </ClInclude>
    <ClInclude Include="..\Libraries\glm\ext\vector_float3.hpp">
      <Filter>Libraries\glm\ext</Filter>
    </ClInclude>
    <ClInclude Include="..\Libraries\glm\ext\vector_float3_precision.hpp">
      <Filter>Libraries\glm\ext</Filter>
    </ClInclude>
    <ClInclude Include="..\Libraries\glm\ext\vector_float4.hpp">
      <Filter>Libraries\glm\ext</Filter>
    </ClInclude>
    <ClInclude Include="..\Libraries\glm\ext\vector_float4_precision.hpp">
      <Filter>Libraries\glm\ext</Filter>
    </ClInclude>
    <ClInclude Include="..\Libraries\glm\ext\vector_int1.hpp">
      <Filter>Libraries\glm\ext</Filter>
    </ClInclude>
    <ClInclude Include="..\Libraries\glm\ext\vector_int1_sized.hpp">
      <Filter>Libraries\glm\ext</Filter>
    </ClInclude>
    <ClInclude Include="..\Libraries\glm\ext\vector_int2.hpp">
      <Filter>Libraries\glm\ext</Filter>
    </ClInclude>
    <ClInclude Include="..\Libraries\glm\ext\vector_int2_sized.hpp">
      <Filter>Libraries\glm\ext</Filter>
    </ClInclude>
    <ClInclude Include="..\Libraries\glm\ext\vector_int3.hpp">
      <Filter>Libraries\glm\ext</Filter>
    </ClInclude>
    <ClInclude Include="..\Libraries\glm\ext\vector_int3_sized.hpp">
      <Filter>Libraries\glm\ext</Filter>
    </ClInclude>
    <ClInclude Include="..\Libraries\glm\ext\vector_int4.hpp">
      <Filter>Libraries\glm\ext</Filter>
    </ClInclude>
    <ClInclude Include="..\Libraries\glm\ext\vector_int4_sized.hpp">
      <Filter>Libraries\glm\ext</Filter>
    </ClInclude>
    <ClInclude Include="..\Libraries\glm\ext\vector_integer.hpp">
      <Filter>Libraries\glm\ext</Filter>
    </ClInclude>
    <ClInclude Include="..\Libraries\glm\ext\vector_integer.inl">
      <Filter>Libraries\glm\ext</Filter>
    </ClInclude>
    <ClInclude Include="..\Libraries\glm\ext\vector_packing.hpp">
      <Filter>Libraries\glm\ext</Filter>
    </ClInclude>
    <ClInclude Include="..\Libraries\glm\ext\vector_packing.inl">
      <Filter>Libraries\glm\ext</Filter>
    </ClInclude>
    <ClInclude Include="..\Libraries\glm\ext\vector_relational.hpp">
      <Filter>Libraries\glm\ext</Filter>
    </ClInclude>
    <ClInclude Include="..\Libraries\glm\ext\vector_relational.inl">
      <Filter>Libraries\glm\ext</Filter>
    </ClInclude>
    <ClInclude Include="..\Libraries\glm\ext\vector_uint1.hpp">
      <Filter>Libraries\glm\ext</Filter>
    </ClInclude>
    <ClInclude Include="..\Libraries\glm\ext\vector_uint1_sized.hpp">
      <Filter>Libraries\glm\ext</Filter>
    </ClInclude>
    <ClInclude Include="..\Libraries\glm\ext\vector_uint2.hpp">
      <Filter>Libraries\glm\ext</Filter>
    </ClInclude>
    <ClInclude Include="..\Libraries\glm\ext\vector_uint2_sized.hpp">
      <Filter>Libraries\glm\ext</Filter>
    </ClInclude>
    <ClInclude Include="..\Libraries\glm\ext\vector_uint3.hpp">
      <Filter>Libraries\glm\ext</Filter>
    </ClInclude>
    <ClInclude Include="..\Libraries\glm\ext\vector_uint3_sized.hpp">
      <Filter>Libraries\glm\ext</Filter>
    </ClInclude>
    <ClInclude Include="..\Libraries\glm\ext\vector_uint4.hpp">
      <Filter>Libraries\glm\ext</Filter>
    </ClInclude>
    <ClInclude Include="..\Libraries\glm\ext\vector_uint4_sized.hpp">
      <Filter>Libraries\glm\ext</Filter>
    </ClInclude>
    <ClInclude Include="..\Libraries\glm\ext\vector_ulp.hpp">
      <Filter>Libraries\glm\ext</Filter>
    </ClInclude>
    <ClInclude Include="..\Libraries\glm\ext\vector_ulp.inl">
      <Filter>Libraries\glm\ext</Filter>
    </ClInclude>
    <ClInclude Include="..\Libraries\glm\fwd.hpp">
      <Filter>Libraries\glm</Filter>
    </ClInclude>
    <ClInclude Include="..\Libraries\glm\geometric.hpp">
      <Filter>Libraries\glm</Filter>
    </ClInclude>
    <ClInclude Include="..\Libraries\glm\glm.hpp">
      <Filter>Libraries\glm</Filter>
    </ClInclude>
    <ClInclude Include="..\Libraries\glm\gtc\bitfield.hpp">
      <Filter>Libraries\glm\gtc</Filter>
    </ClInclude>
    <ClInclude Include="..\Libraries\glm\gtc\bitfield.inl">
      <Filter>Libraries\glm\gtc</Filter>
    </ClInclude>
    <ClInclude Include="..\Libraries\glm\gtc\color_space.hpp">
      <Filter>Libraries\glm\gtc</Filter>
    </ClInclude>
    <ClInclude Include="..\Libraries\glm\gtc\color_space.inl">
      <Filter>Libraries\glm\gtc</Filter>
    </ClInclude>
    <ClInclude Include="..\Libraries\glm\gtc\constants.hpp">
      <Filter>Libraries\glm\gtc</Filter>
    </ClInclude>
    <ClInclude Include="..\Libraries\glm\gtc\constants.inl">
      <Filter>Libraries\glm\gtc</Filter>
    </ClInclude>
    <ClInclude Include="..\Libraries\glm\gtc\epsilon.hpp">
      <Filter>Libraries\glm\gtc</Filter>
    </ClInclude>
    <ClInclude Include="..\Libraries\glm\gtc\epsilon.inl">
      <Filter>Libraries\glm\gtc</Filter>
    </ClInclude>
    <ClInclude Include="..\Libraries\glm\gtc\integer.hpp">
      <Filter>Libraries\glm\gtc</Filter>
    </ClInclude>
    <ClInclude Include="..\Libraries\glm\gtc\integer.inl">
      <Filter>Libraries\glm\gtc</Filter>
    </ClInclude>
    <ClInclude Include="..\Libraries\glm\gtc\matrix_access.hpp">
      <Filter>Libraries\glm\gtc</Filter>
    </ClInclude>
    <ClInclude Include="..\Libraries\glm\gtc\matrix_access.inl">
      <Filter>Libraries\glm\gtc</Filter>
    </ClInclude>
    <ClInclude Include="..\Libraries\glm\gtc\matrix_integer.hpp">
      <Filter>Libraries\glm\gtc</Filter>
    </ClInclude>
    <ClInclude Include="..\Libraries\glm\gtc\matrix_inverse.hpp">
      <Filter>Libraries\glm\gtc</Filter>
    </ClInclude>
    <ClInclude Include="..\Libraries\glm\gtc\matrix_inverse.inl">
      <Filter>Libraries\glm\gtc</Filter>
    </ClInclude>
    <ClInclude Include="..\Libraries\glm\gtc\matrix_transform.hpp">
      <Filter>Libraries\glm\gtc</Filter>
    </ClInclude>
    <ClInclude Include="..\Libraries\glm\gtc\matrix_transform.inl">
      <Filter>Libraries\glm\gtc</Filter>
    </ClInclude>
    <ClInclude Include="..\Libraries\glm\gtc\noise.hpp">
      <Filter>Libraries\glm\gtc</Filter>
    </ClInclude>
    <ClInclude Include="..\Libraries\glm\gtc\noise.inl">
      <Filter>Libraries\glm\gtc</Filter>
    </ClInclude>
    <ClInclude Include="..\Libraries\glm\gtc\packing.hpp">
      <Filter>Libraries\glm\gtc</Filter>
    </ClInclude>
    <ClInclude Include="..\Libraries\glm\gtc\packing.inl">
      <Filter>Libraries\glm\gtc</Filter>
    </ClInclude>
    <ClInclude Include="..\Libraries\glm\gtc\quaternion.hpp">
      <Filter>Libraries\glm\gtc</Filter>
    </ClInclude>
    <ClInclude Include="..\Libraries\glm\gtc\quaternion.inl">
      <Filter>Libraries\glm\gtc</Filter>
    </ClInclude>
    <ClInclude Include="..\Libraries\glm\gtc\quaternion_simd.inl">
      <Filter>Libraries\glm\gtc</Filter>
    </ClInclude>
    <ClInclude Include="..\Libraries\glm\gtc\random.hpp">
      <Filter>Libraries\glm\gtc</Filter>
    </ClInclude>
    <ClInclude Include="..\Libraries\glm\gtc\random.inl">
      <Filter>Libraries\glm\gtc</Filter>
    </ClInclude>
    <ClInclude Include="..\Libraries\glm\gtc\reciprocal.hpp">
      <Filter>Libraries\glm\gtc</Filter>
    </ClInclude>
    <ClInclude Include="..\Libraries\glm\gtc\reciprocal.inl">
      <Filter>Libraries\glm\gtc</Filter>
    </ClInclude>
    <ClInclude Include="..\Libraries\glm\gtc\round.hpp">
      <Filter>Libraries\glm\gtc</Filter>
    </ClInclude>
    <ClInclude Include="..\Libraries\glm\gtc\round.inl">
      <Filter>Libraries\glm\gtc</Filter>
    </ClInclude>
    <ClInclude Include="..\Libraries\glm\gtc\type_aligned.hpp">
      <Filter>Libraries\glm\gtc</Filter>
    </ClInclude>
    <ClInclude Include="..\Libraries\glm\gtc\type_precision.hpp">
      <Filter>Libraries\glm\gtc</Filter>
    </ClInclude>
    <ClInclude Include="..\Libraries\glm\gtc\type_precision.inl">
      <Filter>Libraries\glm\gtc</Filter>
    </ClInclude>
    <ClInclude Include="..\Libraries\glm\gtc\type_ptr.hpp">
      <Filter>Libraries\glm\gtc</Filter>
    </ClInclude>
    <ClInclude Include="..\Libraries\glm\gtc\type_ptr.inl">
      <Filter>Libraries\glm\gtc</Filter>
    </ClInclude>
    <ClInclude Include="..\Libraries\glm\gtc\ulp.hpp">
      <Filter>Libraries\glm\gtc</Filter>
    </ClInclude>
    <ClInclude Include="..\Libraries\glm\gtc\ulp.inl">
      <Filter>Libraries\glm\gtc</Filter>
    </ClInclude>
    <ClInclude Include="..\Libraries\glm\gtc\vec1.hpp">
      <Filter>Libraries\glm\gtc</Filter>
    </ClInclude>
    <ClInclude Include="..\Libraries\glm\gtx\associated_min_max.hpp">
      <Filter>Libraries\glm\gtx</Filter>
    </ClInclude>
    <ClInclude Include="..\Libraries\glm\gtx\associated_min_max.inl">
      <Filter>Libraries\glm\gtx</Filter>
    </ClInclude>
    <ClInclude Include="..\Libraries\glm\gtx\bit.hpp">
      <Filter>Libraries\glm\gtx</Filter>
    </ClInclude>
    <ClInclude Include="..\Libraries\glm\gtx\bit.inl">
      <Filter>Libraries\glm\gtx</Filter>
    </ClInclude>
    <ClInclude Include="..\Libraries\glm\gtx\closest_point.hpp">
      <Filter>Libraries\glm\gtx</Filter>
    </ClInclude>
    <ClInclude Include="..\Libraries\glm\gtx\closest_point.inl">
      <Filter>Libraries\glm\gtx</Filter>
    </ClInclude>
    <ClInclude Include="..\Libraries\glm\gtx\color_encoding.hpp">
      <Filter>Libraries\glm\gtx</Filter>
    </ClInclude>
    <ClInclude Include="..\Libraries\glm\gtx\color_encoding.inl">
      <Filter>Libraries\glm\gtx</Filter>
    </ClInclude>
    <ClInclude Include="..\Libraries\glm\gtx\color_space.hpp">
      <Filter>Libraries\glm\gtx</Filter>
    </ClInclude>
    <ClInclude Include="..\Libraries\glm\gtx\color_space.inl">
      <Filter>Libraries\glm\gtx</Filter>
    </ClInclude>
    <ClInclude Include="..\Libraries\glm\gtx\color_space_YCoCg.hpp">
      <Filter>Libraries\glm\gtx</Filter>
    </ClInclude>
    <ClInclude Include="..\Libraries\glm\gtx\color_space_YCoCg.inl">
      <Filter>Libraries\glm\gtx</Filter>
    </ClInclude>
    <ClInclude Include="..\Libraries\glm\gtx\common.hpp">
      <Filter>Libraries\glm\gtx</Filter>
    </ClInclude>
    <ClInclude Include="..\Libraries\glm\gtx\common.inl">
      <Filter>Libraries\glm\gtx</Filter>
    </ClInclude>
    <ClInclude Include="..\Libraries\glm\gtx\compatibility.hpp">
      <Filter>Libraries\glm\gtx</Filter>
    </ClInclude>
    <ClInclude Include="..\Libraries\glm\gtx\compatibility.inl">
      <Filter>Libraries\glm\gtx</Filter>
    </ClInclude>
    <ClInclude Include="..\Libraries\glm\gtx\component_wise.hpp">
      <Filter>Libraries\glm\gtx</Filter>
    </ClInclude>
    <ClInclude Include="..\Libraries\glm\gtx\component_wise.inl">
      <Filter>Libraries\glm\gtx</Filter>
    </ClInclude>
    <ClInclude Include="..\Libraries\glm\gtx\dual_quaternion.hpp">
      <Filter>Libraries\glm\gtx</Filter>
    </ClInclude>
    <ClInclude Include="..\Libraries\glm\gtx\dual_quaternion.inl">
      <Filter>Libraries\glm\gtx</Filter>
    </ClInclude>
    <ClInclude Include="..\Libraries\glm\gtx\easing.hpp">
      <Filter>Libraries\glm\gtx</Filter>
    </ClInclude>
    <ClInclude Include="..\Libraries\glm\gtx\easing.inl">
      <Filter>Libraries\glm\gtx</Filter>
    </ClInclude>
    <ClInclude Include="..\Libraries\glm\gtx\euler_angles.hpp">
      <Filter>Libraries\glm\gtx</Filter>
    </ClInclude>
    <ClInclude Include="..\Libraries\glm\gtx\euler_angles.inl">
      <Filter>Libraries\glm\gtx</Filter>
    </ClInclude>
    <ClInclude Include="..\Libraries\glm\gtx\extend.hpp">
      <Filter>Libraries\glm\gtx</Filter>
    </ClInclude>
    <ClInclude Include="..\Libraries\glm\gtx\extend.inl">
      <Filter>Libraries\glm\gtx</Filter>
    </ClInclude>
    <ClInclude Include="..\Libraries\glm\gtx\extended_min_max.hpp">
      <Filter>Libraries\glm\gtx</Filter>
    </ClInclude>
    <ClInclude Include="..\Libraries\glm\gtx\extended_min_max.inl">
      <Filter>Libraries\glm\gtx</Filter>
    </ClInclude>
    <ClInclude Include="..\Libraries\glm\gtx\exterior_product.hpp">
      <Filter>Libraries\glm\gtx</Filter>
    </ClInclude>
    <ClInclude Include="..\Libraries\glm\gtx\exterior_product.inl">
      <Filter>Libraries\glm\gtx</Filter>
    </ClInclude>
    <ClInclude Include="..\Libraries\glm\gtx\fast_exponential.hpp">
      <Filter>Libraries\glm\gtx</Filter>
    </ClInclude>
    <ClInclude Include="..\Libraries\glm\gtx\fast_exponential.inl">
      <Filter>Libraries\glm\gtx</Filter>
    </ClInclude>
    <ClInclude Include="..\Libraries\glm\gtx\fast_square_root.hpp">
      <Filter>Libraries\glm\gtx</Filter>
    </ClInclude>
    <ClInclude Include="..\Libraries\glm\gtx\fast_square_root.inl">
      <Filter>Libraries\glm\gtx</Filter>
    </ClInclude>
    <ClInclude Include="..\Libraries\glm\gtx\fast_trigonometry.hpp">
      <Filter>Libraries\glm\gtx</Filter>
    </ClInclude>
    <ClInclude Include="..\Libraries\glm\gtx\fast_trigonometry.inl">
      <Filter>Libraries\glm\gtx</Filter>
    </ClInclude>
    <ClInclude Include="..\Libraries\glm\gtx\float_notmalize.inl">
      <Filter>Libraries\glm\gtx</Filter>
    </ClInclude>
    <ClInclude Include="..\Libraries\glm\gtx\functions.hpp">
      <Filter>Libraries\glm\gtx</Filter>
    </ClInclude>
    <ClInclude Include="..\Libraries\glm\gtx\functions.inl">
      <Filter>Libraries\glm\gtx</Filter>
    </ClInclude>
    <ClInclude Include="..\Libraries\glm\gtx\gradient_paint.hpp">
      <Filter>Libraries\glm\gtx</Filter>
    </ClInclude>
    <ClInclude Include="..\Libraries\glm\gtx\gradient_paint.inl">
      <Filter>Libraries\glm\gtx</Filter>
    </ClInclude>
    <ClInclude Include="..\Libraries\glm\gtx\handed_coordinate_space.hpp">
      <Filter>Libraries\glm\gtx</Filter>
    </ClInclude>
    <ClInclude Include="..\Libraries\glm\gtx\handed_coordinate_space.inl">
      <Filter>Libraries\glm\gtx</Filter>
    </ClInclude>
    <ClInclude Include="..\Libraries\glm\gtx\hash.hpp">
      <Filter>Libraries\glm\gtx</Filter>
    </ClInclude>
    <ClInclude Include="..\Libraries\glm\gtx\hash.inl">
      <Filter>Libraries\glm\gtx</Filter>
    </ClInclude>
    <ClInclude Include="..\Libraries\glm\gtx\integer.hpp">
      <Filter>Libraries\glm\gtx</Filter>
    </ClInclude>
    <ClInclude Include="..\Libraries\glm\gtx\integer.inl">
      <Filter>Libraries\glm\gtx</Filter>
    </ClInclude>
    <ClInclude Include="..\Libraries\glm\gtx\intersect.hpp">
      <Filter>Libraries\glm\gtx</Filter>
    </ClInclude>
    <ClInclude Include="..\Libraries\glm\gtx\intersect.inl">
      <Filter>Libraries\glm\gtx</Filter>
    </ClInclude>
    <ClInclude Include="..\Libraries\glm\gtx\io.hpp">
      <Filter>Libraries\glm\gtx</Filter>
    </ClInclude>
    <ClInclude Include="..\Libraries\glm\gtx\io.inl">
      <Filter>Libraries\glm\gtx</Filter>
    </ClInclude>
    <ClInclude Include="..\Libraries\glm\gtx\log_base.hpp">
      <Filter>Libraries\glm\gtx</Filter>
    </ClInclude>
    <ClInclude Include="..\Libraries\glm\gtx\log_base.inl">
      <Filter>Libraries\glm\gtx</Filter>
    </ClInclude>
    <ClInclude Include="..\Libraries\glm\gtx\matrix_cross_product.hpp">
      <Filter>Libraries\glm\gtx</Filter>
    </ClInclude>
    <ClInclude Include="..\Libraries\glm\gtx\matrix_cross_product.inl">
      <Filter>Libraries\glm\gtx</Filter>
    </ClInclude>
    <ClInclude Include="..\Libraries\glm\gtx\matrix_decompose.hpp">
      <Filter>Libraries\glm\gtx</Filter>
    </ClInclude>
    <ClInclude Include="..\Libraries\glm\gtx\matrix_decompose.inl">
      <Filter>Libraries\glm\gtx</Filter>
    </ClInclude>
    <ClInclude Include="..\Libraries\glm\gtx\matrix_factorisation.hpp">
      <Filter>Libraries\glm\gtx</Filter>
    </ClInclude>
    <ClInclude Include="..\Libraries\glm\gtx\matrix_factorisation.inl">
      <Filter>Libraries\glm\gtx</Filter>
    </ClInclude>
    <ClInclude Include="..\Libraries\glm\gtx\matrix_interpolation.hpp">
      <Filter>Libraries\glm\gtx</Filter>
    </ClInclude>
    <ClInclude Include="..\Libraries\glm\gtx\matrix_interpolation.inl">
      <Filter>Libraries\glm\gtx</Filter>
    </ClInclude>
    <ClInclude Include="..\Libraries\glm\gtx\matrix_major_storage.hpp">
      <Filter>Libraries\glm\gtx</Filter>
    </ClInclude>
    <ClInclude Include="..\Libraries\glm\gtx\matrix_major_storage.inl">
      <Filter>Libraries\glm\gtx</Filter>
    </ClInclude>
    <ClInclude Include="..\Libraries\glm\gtx\matrix_operation.hpp">
      <Filter>Libraries\glm\gtx</Filter>
    </ClInclude>
    <ClInclude Include="..\Libraries\glm\gtx\matrix_operation.inl">
      <Filter>Libraries\glm\gtx</Filter>
    </ClInclude>
    <ClInclude Include="..\Libraries\glm\gtx\matrix_query.hpp">
      <Filter>Libraries\glm\gtx</Filter>
    </ClInclude>
    <ClInclude Include="..\Libraries\glm\gtx\matrix_query.inl">
      <Filter>Libraries\glm\gtx</Filter>
    </ClInclude>
    <ClInclude Include="..\Libraries\glm\gtx\matrix_transform_2d.hpp">
      <Filter>Libraries\glm\gtx</Filter>
    </ClInclude>
    <ClInclude Include="..\Libraries\glm\gtx\matrix_transform_2d.inl">
      <Filter>Libraries\glm\gtx</Filter>
    </ClInclude>
    <ClInclude Include="..\Libraries\glm\gtx\mixed_product.hpp">
      <Filter>Libraries\glm\gtx</Filter>
    </ClInclude>
    <ClInclude Include="..\Libraries\glm\gtx\mixed_product.inl">
      <Filter>Libraries\glm\gtx</Filter>
    </ClInclude>
    <ClInclude Include="..\Libraries\glm\gtx\norm.hpp">
      <Filter>Libraries\glm\gtx</Filter>
    </ClInclude>
    <ClInclude Include="..\Libraries\glm\gtx\norm.inl">
      <Filter>Libraries\glm\gtx</Filter>
    </ClInclude>
    <ClInclude Include="..\Libraries\glm\gtx\normal.hpp">
      <Filter>Libraries\glm\gtx</Filter>
    </ClInclude>
    <ClInclude Include="..\Libraries\glm\gtx\normal.inl">
      <Filter>Libraries\glm\gtx</Filter>
    </ClInclude>
    <ClInclude Include="..\Libraries\glm\gtx\normalize_dot.hpp">
      <Filter>Libraries\glm\gtx</Filter>
    </ClInclude>
    <ClInclude Include="..\Libraries\glm\gtx\normalize_dot.inl">
      <Filter>Libraries\glm\gtx</Filter>
    </ClInclude>
    <ClInclude Include="..\Libraries\glm\gtx\number_precision.hpp">
      <Filter>Libraries\glm\gtx</Filter>
    </ClInclude>
    <ClInclude Include="..\Libraries\glm\gtx\number_precision.inl">
      <Filter>Libraries\glm\gtx</Filter>
    </ClInclude>
    <ClInclude Include="..\Libraries\glm\gtx\optimum_pow.hpp">
      <Filter>Libraries\glm\gtx</Filter>
    </ClInclude>
    <ClInclude Include="..\Libraries\glm\gtx\optimum_pow.inl">
      <Filter>Libraries\glm\gtx</Filter>
    </ClInclude>
    <ClInclude Include="..\Libraries\glm\gtx\orthonormalize.hpp">
      <Filter>Libraries\glm\gtx</Filter>
    </ClInclude>
    <ClInclude Include="..\Libraries\glm\gtx\orthonormalize.inl">
      <Filter>Libraries\glm\gtx</Filter>
    </ClInclude>
    <ClInclude Include="..\Libraries\glm\gtx\perpendicular.hpp">
      <Filter>Libraries\glm\gtx</Filter>
    </ClInclude>
    <ClInclude Include="..\Libraries\glm\gtx\perpendicular.inl">
      <Filter>Libraries\glm\gtx</Filter>
    </ClInclude>
    <ClInclude Include="..\Libraries\glm\gtx\polar_coordinates.hpp">
      <Filter>Libraries\glm\gtx</Filter>
    </ClInclude>
    <ClInclude Include="..\Libraries\glm\gtx\polar_coordinates.inl">
      <Filter>Libraries\glm\gtx</Filter>
    </ClInclude>
    <ClInclude Include="..\Libraries\glm\gtx\projection.hpp">
      <Filter>Libraries\glm\gtx</Filter>
    </ClInclude>
    <ClInclude Include="..\Libraries\glm\gtx\projection.inl">
      <Filter>Libraries\glm\gtx</Filter>
    </ClInclude>
    <ClInclude Include="..\Libraries\glm\gtx\quaternion.hpp">
      <Filter>Libraries\glm\gtx</Filter>
    </ClInclude>
    <ClInclude Include="..\Libraries\glm\gtx\quaternion.inl">
      <Filter>Libraries\glm\gtx</Filter>
    </ClInclude>
    <ClInclude Include="..\Libraries\glm\gtx\range.hpp">
      <Filter>Libraries\glm\gtx</Filter>
    </ClInclude>
    <ClInclude Include="..\Libraries\glm\gtx\raw_data.hpp">
      <Filter>Libraries\glm\gtx</Filter>
    </ClInclude>
    <ClInclude Include="..\Libraries\glm\gtx\raw_data.inl">
      <Filter>Libraries\glm\gtx</Filter>
    </ClInclude>
    <ClInclude Include="..\Libraries\glm\gtx\rotate_normalized_axis.hpp">
      <Filter>Libraries\glm\gtx</Filter>
    </ClInclude>
    <ClInclude Include="..\Libraries\glm\gtx\rotate_normalized_axis.inl">
      <Filter>Libraries\glm\gtx</Filter>
    </ClInclude>
    <ClInclude Include="..\Libraries\glm\gtx\rotate_vector.hpp">
      <Filter>Libraries\glm\gtx</Filter>
    </ClInclude>
    <ClInclude Include="..\Libraries\glm\gtx\rotate_vector.inl">
      <Filter>Libraries\glm\gtx</Filter>
    </ClInclude>
    <ClInclude Include="..\Libraries\glm\gtx\scalar_multiplication.hpp">
      <Filter>Libraries\glm\gtx</Filter>
    </ClInclude>
    <ClInclude Include="..\Libraries\glm\gtx\scalar_relational.hpp">
      <Filter>Libraries\glm\gtx</Filter>
    </ClInclude>
    <ClInclude Include="..\Libraries\glm\gtx\scalar_relational.inl">
      <Filter>Libraries\glm\gtx</Filter>
    </ClInclude>
    <ClInclude Include="..\Libraries\glm\gtx\spline.hpp">
      <Filter>Libraries\glm\gtx</Filter>
    </ClInclude>
    <ClInclude Include="..\Libraries\glm\gtx\spline.inl">
      <Filter>Libraries\glm\gtx</Filter>
    </ClInclude>
    <ClInclude Include="..\Libraries\glm\gtx\std_based_type.hpp">
      <Filter>Libraries\glm\gtx</Filter>
    </ClInclude>
    <ClInclude Include="..\Libraries\glm\gtx\std_based_type.inl">
      <Filter>Libraries\glm\gtx</Filter>
    </ClInclude>
    <ClInclude Include="..\Libraries\glm\gtx\string_cast.hpp">
      <Filter>Libraries\glm\gtx</Filter>
    </ClInclude>
    <ClInclude Include="..\Libraries\glm\gtx\string_cast.inl">
      <Filter>Libraries\glm\gtx</Filter>
    </ClInclude>
    <ClInclude Include="..\Libraries\glm\gtx\texture.hpp">
      <Filter>Libraries\glm\gtx</Filter>
    </ClInclude>
    <ClInclude Include="..\Libraries\glm\gtx\texture.inl">
      <Filter>Libraries\glm\gtx</Filter>
    </ClInclude>
    <ClInclude Include="..\Libraries\glm\gtx\transform.hpp">
      <Filter>Libraries\glm\gtx</Filter>
    </ClInclude>
    <ClInclude Include="..\Libraries\glm\gtx\transform.inl">
      <Filter>Libraries\glm\gtx</Filter>
    </ClInclude>
    <ClInclude Include="..\Libraries\glm\gtx\transform2.hpp">
      <Filter>Libraries\glm\gtx</Filter>
    </ClInclude>
    <ClInclude Include="..\Libraries\glm\gtx\transform2.inl">
      <Filter>Libraries\glm\gtx</Filter>
    </ClInclude>
    <ClInclude Include="..\Libraries\glm\gtx\type_aligned.hpp">
      <Filter>Libraries\glm\gtx</Filter>
    </ClInclude>
    <ClInclude Include="..\Libraries\glm\gtx\type_aligned.inl">
      <Filter>Libraries\glm\gtx</Filter>
    </ClInclude>
    <ClInclude Include="..\Libraries\glm\gtx\type_trait.hpp">
      <Filter>Libraries\glm\gtx</Filter>
    </ClInclude>
    <ClInclude Include="..\Libraries\glm\gtx\type_trait.inl">
      <Filter>Libraries\glm\gtx</Filter>
    </ClInclude>
    <ClInclude Include="..\Libraries\glm\gtx\vec_swizzle.hpp">
      <Filter>Libraries\glm\gtx</Filter>
    </ClInclude>
    <ClInclude Include="..\Libraries\glm\gtx\vector_angle.hpp">
      <Filter>Libraries\glm\gtx</Filter>
    </ClInclude>
    <ClInclude Include="..\Libraries\glm\gtx\vector_angle.inl">
      <Filter>Libraries\glm\gtx</Filter>
    </ClInclude>
    <ClInclude Include="..\Libraries\glm\gtx\vector_query.hpp">
      <Filter>Libraries\glm\gtx</Filter>
    </ClInclude>
    <ClInclude Include="..\Libraries\glm\gtx\vector_query.inl">
      <Filter>Libraries\glm\gtx</Filter>
    </ClInclude>
    <ClInclude Include="..\Libraries\glm\gtx\wrap.hpp">
      <Filter>Libraries\glm\gtx</Filter>
    </ClInclude>
    <ClInclude Include="..\Libraries\glm\gtx\wrap.inl">
      <Filter>Libraries\glm\gtx</Filter>
    </ClInclude>
    <ClInclude Include="..\Libraries\glm\integer.hpp">
      <Filter>Libraries\glm</Filter>
    </ClInclude>
    <ClInclude Include="..\Libraries\glm\mat2x2.hpp">
      <Filter>Libraries\glm</Filter>
    </ClInclude>
    <ClInclude Include="..\Libraries\glm\mat2x3.hpp">
      <Filter>Libraries\glm</Filter>
    </ClInclude>
    <ClInclude Include="..\Libraries\glm\mat2x4.hpp">
      <Filter>Libraries\glm</Filter>
    </ClInclude>
    <ClInclude Include="..\Libraries\glm\mat3x2.hpp">
      <Filter>Libraries\glm</Filter>
    </ClInclude>
    <ClInclude Include="..\Libraries\glm\mat3x3.hpp">
      <Filter>Libraries\glm</Filter>
    </ClInclude>
    <ClInclude Include="..\Libraries\glm\mat3x4.hpp">
      <Filter>Libraries\glm</Filter>
    </ClInclude>
    <ClInclude Include="..\Libraries\glm\mat4x2.hpp">
      <Filter>Libraries\glm</Filter>
    </ClInclude>
    <ClInclude Include="..\Libraries\glm\mat4x3.hpp">
      <Filter>Libraries\glm</Filter>
    </ClInclude>
    <ClInclude Include="..\Libraries\glm\mat4x4.hpp">
      <Filter>Libraries\glm</Filter>
    </ClInclude>
    <ClInclude Include="..\Libraries\glm\matrix.hpp">
      <Filter>Libraries\glm</Filter>
    </ClInclude>
    <ClInclude Include="..\Libraries\glm\packing.hpp">
      <Filter>Libraries\glm</Filter>
    </ClInclude>
    <ClInclude Include="..\Libraries\glm\trigonometric.hpp">
      <Filter>Libraries\glm</Filter>
    </ClInclude>
    <ClInclude Include="..\Libraries\glm\vec2.hpp">
      <Filter>Libraries\glm</Filter>
    </ClInclude>
    <ClInclude Include="..\Libraries\glm\vec3.hpp">
      <Filter>Libraries\glm</Filter>
    </ClInclude>
    <ClInclude Include="..\Libraries\glm\vec4.hpp">
      <Filter>Libraries\glm</Filter>
    </ClInclude>
    <ClInclude Include="..\Libraries\glm\vector_relational.hpp">
      <Filter>Libraries\glm</Filter>
    </ClInclude>
    <ClInclude Include="..\Libraries\stb\stb_image.h">
      <Filter>Libraries\stb</Filter>
    </ClInclude>
    <ClInclude Include="..\Libraries\tinygltf\json.hpp">
      <Filter>Libraries\tinygltf</Filter>
    </ClInclude>
    <ClInclude Include="..\Libraries\tinygltf\stb_image_write.h">
      <Filter>Libraries\tinygltf</Filter>
    </ClInclude>
    <ClInclude Include="..\Libraries\tinygltf\tiny_gltf.h">
      <Filter>Libraries\tinygltf</Filter>
    </ClInclude>
    <ClInclude Include="..\Libraries\tinyobjloader\tiny_obj_loader.h">
      <Filter>Libraries\tinyobjloader</Filter>
    </ClInclude>
    <ClInclude Include="Core\Application.h">
      <Filter>Core</Filter>
    </ClInclude>
    <ClInclude Include="Core\Global.hpp">
      <Filter>Core</Filter>
    </ClInclude>
    <ClInclude Include="Core\Window.h">
      <Filter>Core</Filter>
    </ClInclude>
    <ClInclude Include="Core\hyspch.h">
      <Filter>Core</Filter>
    </ClInclude>
    <ClInclude Include="Events\AppEvent.h">
      <Filter>Events</Filter>
    </ClInclude>
    <ClInclude Include="Events\Event.h">
      <Filter>Events</Filter>
    </ClInclude>
    <ClInclude Include="Events\KeyEvent.h">
      <Filter>Events</Filter>
    </ClInclude>
    <ClInclude Include="Events\MouseEvent.h">
      <Filter>Events</Filter>
    </ClInclude>
    <ClInclude Include="IO\Gamepad.h">
      <Filter>IO</Filter>
    </ClInclude>
    <ClInclude Include="IO\Keyboard.h">
      <Filter>IO</Filter>
    </ClInclude>
    <ClInclude Include="IO\Mouse.h">
      <Filter>IO</Filter>
    </ClInclude>
    <ClInclude Include="Rendering\Camera.h">
      <Filter>Rendering</Filter>
    </ClInclude>
    <ClInclude Include="Rendering\Framebuffer.h">
      <Filter>Rendering</Filter>
    </ClInclude>
    <ClInclude Include="Rendering\Memory\UniformMemory.hpp">
      <Filter>Rendering\Memory</Filter>
    </ClInclude>
    <ClInclude Include="Rendering\Memory\VertexMemory.hpp">
      <Filter>Rendering\Memory</Filter>
    </ClInclude>
    <ClInclude Include="Rendering\Mesh.h">
      <Filter>Rendering</Filter>
    </ClInclude>
    <ClInclude Include="Rendering\Model.h">
      <Filter>Rendering</Filter>
    </ClInclude>
    <ClInclude Include="Rendering\OBJReader.h">
      <Filter>Rendering</Filter>
    </ClInclude>
    <ClInclude Include="Rendering\Shader.h">
      <Filter>Rendering</Filter>
    </ClInclude>
    <ClInclude Include="Rendering\Texture.h">
      <Filter>Rendering</Filter>
    </ClInclude>
    <ClInclude Include="Scene Management\SceneFramework.h">
      <Filter>Scene Management</Filter>
    </ClInclude>
    <ClInclude Include="Scene Management\Scenes\Deferred.h">
      <Filter>Scene Management\Scenes</Filter>
    </ClInclude>
    <ClInclude Include="Scene Management\Scenes\DepthBuffer.h">
      <Filter>Scene Management\Scenes</Filter>
    </ClInclude>
    <ClInclude Include="Scene Management\Scenes\Empty.h">
      <Filter>Scene Management\Scenes</Filter>
    </ClInclude>
    <ClInclude Include="Utilities\KeyCodes.h">
      <Filter>Utilities</Filter>
    </ClInclude>
    <ClInclude Include="Utilities\Layers\Layer.h">
      <Filter>Utilities\Layers</Filter>
    </ClInclude>
    <ClInclude Include="Utilities\Layers\LayerStack.h">
      <Filter>Utilities\Layers</Filter>
    </ClInclude>
    <ClInclude Include="Utilities\MouseCodes.h">
      <Filter>Utilities</Filter>
    </ClInclude>
  </ItemGroup>
  <ItemGroup>
    <ClCompile Include="Core\Application.cpp">
      <Filter>Core</Filter>
    </ClCompile>
    <ClCompile Include="Core\Entry.cpp">
      <Filter>Core</Filter>
    </ClCompile>
    <ClCompile Include="Core\Window.cpp">
      <Filter>Core</Filter>
    </ClCompile>
    <ClCompile Include="Core\hyspch.cpp">
      <Filter>Core</Filter>
    </ClCompile>
    <ClCompile Include="IO\Gamepad.cpp">
      <Filter>IO</Filter>
    </ClCompile>
    <ClCompile Include="IO\Keyboard.cpp">
      <Filter>IO</Filter>
    </ClCompile>
    <ClCompile Include="IO\Mouse.cpp">
      <Filter>IO</Filter>
    </ClCompile>
    <ClCompile Include="Rendering\Camera.cpp">
      <Filter>Rendering</Filter>
    </ClCompile>
    <ClCompile Include="Rendering\Framebuffer.cpp">
      <Filter>Rendering</Filter>
    </ClCompile>
    <ClCompile Include="Rendering\Mesh.cpp">
      <Filter>Rendering</Filter>
    </ClCompile>
    <ClCompile Include="Rendering\Model.cpp">
      <Filter>Rendering</Filter>
    </ClCompile>
    <ClCompile Include="Rendering\OBJReader.cpp">
      <Filter>Rendering</Filter>
    </ClCompile>
    <ClCompile Include="Rendering\Shader.cpp">
      <Filter>Rendering</Filter>
    </ClCompile>
    <ClCompile Include="Rendering\Texture.cpp">
      <Filter>Rendering</Filter>
    </ClCompile>
    <ClCompile Include="Scene Management\SceneFramework.cpp">
      <Filter>Scene Management</Filter>
    </ClCompile>
    <ClCompile Include="Scene Management\Scenes\Deferred.cpp">
      <Filter>Scene Management\Scenes</Filter>
    </ClCompile>
    <ClCompile Include="Scene Management\Scenes\DepthBuffer.cpp">
      <Filter>Scene Management\Scenes</Filter>
    </ClCompile>
    <ClCompile Include="Scene Management\Scenes\Empty.cpp">
      <Filter>Scene Management\Scenes</Filter>
    </ClCompile>
    <ClCompile Include="Utilities\Layers\Layer.cpp">
      <Filter>Utilities\Layers</Filter>
    </ClCompile>
    <ClCompile Include="Utilities\Layers\LayerStack.cpp">
      <Filter>Utilities\Layers</Filter>
    </ClCompile>
  </ItemGroup>
</Project>